
Microsoft Visual Studio Solution File, Format Version 12.00
# Visual Studio 15
VisualStudioVersion = 15.0.26730.10
MinimumVisualStudioVersion = 10.0.40219.1
Project("{FAE04EC0-301F-11D3-BF4B-00C04F79EFBC}") = "wiizard", "wiizard\wiizard.csproj", "{20663F59-37FA-4655-BEDD-AE7F5620AC49}"
EndProject
Global
	GlobalSection(SolutionConfigurationPlatforms) = preSolution
		Debug|Any CPU = Debug|Any CPU
		Release|Any CPU = Release|Any CPU
	EndGlobalSection
	GlobalSection(ProjectConfigurationPlatforms) = postSolution
		{20663F59-37FA-4655-BEDD-AE7F5620AC49}.Debug|Any CPU.ActiveCfg = Debug|Any CPU
		{20663F59-37FA-4655-BEDD-AE7F5620AC49}.Debug|Any CPU.Build.0 = Debug|Any CPU
		{20663F59-37FA-4655-BEDD-AE7F5620AC49}.Release|Any CPU.ActiveCfg = Release|Any CPU
		{20663F59-37FA-4655-BEDD-AE7F5620AC49}.Release|Any CPU.Build.0 = Release|Any CPU
	EndGlobalSection
	GlobalSection(SolutionProperties) = preSolution
		HideSolutionNode = FALSE
	EndGlobalSection
	GlobalSection(ExtensibilityGlobals) = postSolution
		SolutionGuid = {BBCD13F5-4B1A-41E5-9144-FA76F895D85F}
	EndGlobalSection
EndGlobal
